// !$*UTF8*$!
{
	archiveVersion = 1;
	classes = {
	};
	objectVersion = 55;
	objects = {

/* Begin PBXBuildFile section */
		826BE13C2AD4F20A00DF896A /* AppDelegate.swift in Sources */ = {isa = PBXBuildFile; fileRef = 826BE13B2AD4F20A00DF896A /* AppDelegate.swift */; };
		826BE13E2AD4F20A00DF896A /* SceneDelegate.swift in Sources */ = {isa = PBXBuildFile; fileRef = 826BE13D2AD4F20A00DF896A /* SceneDelegate.swift */; };
		826BE1402AD4F20A00DF896A /* ViewController.swift in Sources */ = {isa = PBXBuildFile; fileRef = 826BE13F2AD4F20A00DF896A /* ViewController.swift */; };
		826BE1432AD4F20A00DF896A /* Main.storyboard in Resources */ = {isa = PBXBuildFile; fileRef = 826BE1412AD4F20A00DF896A /* Main.storyboard */; };
		826BE1452AD4F21000DF896A /* Assets.xcassets in Resources */ = {isa = PBXBuildFile; fileRef = 826BE1442AD4F21000DF896A /* Assets.xcassets */; };
		826BE1482AD4F21000DF896A /* LaunchScreen.storyboard in Resources */ = {isa = PBXBuildFile; fileRef = 826BE1462AD4F21000DF896A /* LaunchScreen.storyboard */; };
		82CE46632AD5ADEE008E6771 /* PokemonListData.swift in Sources */ = {isa = PBXBuildFile; fileRef = 82CE46622AD5ADEE008E6771 /* PokemonListData.swift */; };
		82CE46652AD5ADFF008E6771 /* PokemonListManager.swift in Sources */ = {isa = PBXBuildFile; fileRef = 82CE46642AD5ADFF008E6771 /* PokemonListManager.swift */; };
		82CE46672AD5AE12008E6771 /* PokemonListModel.swift in Sources */ = {isa = PBXBuildFile; fileRef = 82CE46662AD5AE12008E6771 /* PokemonListModel.swift */; };
		82CE46692AD5AE2E008E6771 /* PokemonData.swift in Sources */ = {isa = PBXBuildFile; fileRef = 82CE46682AD5AE2E008E6771 /* PokemonData.swift */; };
		82CE466B2AD5AE45008E6771 /* PokemonManager.swift in Sources */ = {isa = PBXBuildFile; fileRef = 82CE466A2AD5AE45008E6771 /* PokemonManager.swift */; };
		82CE466D2AD5AE51008E6771 /* PokemonModel.swift in Sources */ = {isa = PBXBuildFile; fileRef = 82CE466C2AD5AE51008E6771 /* PokemonModel.swift */; };
		82CE466F2AD5AE7F008E6771 /* GameModel.swift in Sources */ = {isa = PBXBuildFile; fileRef = 82CE466E2AD5AE7F008E6771 /* GameModel.swift */; };
		82DBB39A2AD6269E00D583F2 /* Kingfisher in Frameworks */ = {isa = PBXBuildFile; productRef = 82DBB3992AD6269E00D583F2 /* Kingfisher */; };
		82DBB39C2AD63EF800D583F2 /* ResultViewController.swift in Sources */ = {isa = PBXBuildFile; fileRef = 82DBB39B2AD63EF800D583F2 /* ResultViewController.swift */; };
/* End PBXBuildFile section */

/* Begin PBXFileReference section */
		826BE1382AD4F20A00DF896A /* GuestThePokemon.app */ = {isa = PBXFileReference; explicitFileType = wrapper.application; includeInIndex = 0; path = GuestThePokemon.app; sourceTree = BUILT_PRODUCTS_DIR; };
		826BE13B2AD4F20A00DF896A /* AppDelegate.swift */ = {isa = PBXFileReference; lastKnownFileType = sourcecode.swift; path = AppDelegate.swift; sourceTree = "<group>"; };
		826BE13D2AD4F20A00DF896A /* SceneDelegate.swift */ = {isa = PBXFileReference; lastKnownFileType = sourcecode.swift; path = SceneDelegate.swift; sourceTree = "<group>"; };
		826BE13F2AD4F20A00DF896A /* ViewController.swift */ = {isa = PBXFileReference; lastKnownFileType = sourcecode.swift; path = ViewController.swift; sourceTree = "<group>"; };
		826BE1422AD4F20A00DF896A /* Base */ = {isa = PBXFileReference; lastKnownFileType = file.storyboard; name = Base; path = Base.lproj/Main.storyboard; sourceTree = "<group>"; };
		826BE1442AD4F21000DF896A /* Assets.xcassets */ = {isa = PBXFileReference; lastKnownFileType = folder.assetcatalog; path = Assets.xcassets; sourceTree = "<group>"; };
		826BE1472AD4F21000DF896A /* Base */ = {isa = PBXFileReference; lastKnownFileType = file.storyboard; name = Base; path = Base.lproj/LaunchScreen.storyboard; sourceTree = "<group>"; };
		826BE1492AD4F21000DF896A /* Info.plist */ = {isa = PBXFileReference; lastKnownFileType = text.plist.xml; path = Info.plist; sourceTree = "<group>"; };
		82CE46622AD5ADEE008E6771 /* PokemonListData.swift */ = {isa = PBXFileReference; lastKnownFileType = sourcecode.swift; path = PokemonListData.swift; sourceTree = "<group>"; };
		82CE46642AD5ADFF008E6771 /* PokemonListManager.swift */ = {isa = PBXFileReference; lastKnownFileType = sourcecode.swift; path = PokemonListManager.swift; sourceTree = "<group>"; };
		82CE46662AD5AE12008E6771 /* PokemonListModel.swift */ = {isa = PBXFileReference; lastKnownFileType = sourcecode.swift; path = PokemonListModel.swift; sourceTree = "<group>"; };
		82CE46682AD5AE2E008E6771 /* PokemonData.swift */ = {isa = PBXFileReference; lastKnownFileType = sourcecode.swift; path = PokemonData.swift; sourceTree = "<group>"; };
		82CE466A2AD5AE45008E6771 /* PokemonManager.swift */ = {isa = PBXFileReference; lastKnownFileType = sourcecode.swift; path = PokemonManager.swift; sourceTree = "<group>"; };
		82CE466C2AD5AE51008E6771 /* PokemonModel.swift */ = {isa = PBXFileReference; lastKnownFileType = sourcecode.swift; path = PokemonModel.swift; sourceTree = "<group>"; };
		82CE466E2AD5AE7F008E6771 /* GameModel.swift */ = {isa = PBXFileReference; lastKnownFileType = sourcecode.swift; path = GameModel.swift; sourceTree = "<group>"; };
		82DBB39B2AD63EF800D583F2 /* ResultViewController.swift */ = {isa = PBXFileReference; lastKnownFileType = sourcecode.swift; path = ResultViewController.swift; sourceTree = "<group>"; };
/* End PBXFileReference section */

/* Begin PBXFrameworksBuildPhase section */
		826BE1352AD4F20A00DF896A /* Frameworks */ = {
			isa = PBXFrameworksBuildPhase;
			buildActionMask = 2147483647;
			files = (
				82DBB39A2AD6269E00D583F2 /* Kingfisher in Frameworks */,
			);
			runOnlyForDeploymentPostprocessing = 0;
		};
/* End PBXFrameworksBuildPhase section */

/* Begin PBXGroup section */
		826BE12F2AD4F20A00DF896A = {
			isa = PBXGroup;
			children = (
				826BE13A2AD4F20A00DF896A /* GuestThePokemon */,
				826BE1392AD4F20A00DF896A /* Products */,
			);
			sourceTree = "<group>";
		};
		826BE1392AD4F20A00DF896A /* Products */ = {
			isa = PBXGroup;
			children = (
				826BE1382AD4F20A00DF896A /* GuestThePokemon.app */,
			);
			name = Products;
			sourceTree = "<group>";
		};
		826BE13A2AD4F20A00DF896A /* GuestThePokemon */ = {
			isa = PBXGroup;
			children = (
				82CE46612AD5A225008E6771 /* Model */,
				826BE13B2AD4F20A00DF896A /* AppDelegate.swift */,
				826BE13D2AD4F20A00DF896A /* SceneDelegate.swift */,
				82CE46712AD5AEE7008E6771 /* Controller */,
				82CE46702AD5AEBA008E6771 /* View */,
				826BE1442AD4F21000DF896A /* Assets.xcassets */,
				826BE1462AD4F21000DF896A /* LaunchScreen.storyboard */,
				826BE1492AD4F21000DF896A /* Info.plist */,
			);
			path = GuestThePokemon;
			sourceTree = "<group>";
		};
		82CE46612AD5A225008E6771 /* Model */ = {
			isa = PBXGroup;
			children = (
				82CE46622AD5ADEE008E6771 /* PokemonListData.swift */,
				82CE46642AD5ADFF008E6771 /* PokemonListManager.swift */,
				82CE46662AD5AE12008E6771 /* PokemonListModel.swift */,
				82CE46682AD5AE2E008E6771 /* PokemonData.swift */,
				82CE466A2AD5AE45008E6771 /* PokemonManager.swift */,
				82CE466C2AD5AE51008E6771 /* PokemonModel.swift */,
				82CE466E2AD5AE7F008E6771 /* GameModel.swift */,
			);
			path = Model;
			sourceTree = "<group>";
		};
		82CE46702AD5AEBA008E6771 /* View */ = {
			isa = PBXGroup;
			children = (
				826BE1412AD4F20A00DF896A /* Main.storyboard */,
			);
			path = View;
			sourceTree = "<group>";
		};
		82CE46712AD5AEE7008E6771 /* Controller */ = {
			isa = PBXGroup;
			children = (
				826BE13F2AD4F20A00DF896A /* ViewController.swift */,
				82DBB39B2AD63EF800D583F2 /* ResultViewController.swift */,
			);
			path = Controller;
			sourceTree = "<group>";
		};
/* End PBXGroup section */

/* Begin PBXNativeTarget section */
		826BE1372AD4F20A00DF896A /* GuestThePokemon */ = {
			isa = PBXNativeTarget;
			buildConfigurationList = 826BE14C2AD4F21000DF896A /* Build configuration list for PBXNativeTarget "GuestThePokemon" */;
			buildPhases = (
				826BE1342AD4F20A00DF896A /* Sources */,
				826BE1352AD4F20A00DF896A /* Frameworks */,
				826BE1362AD4F20A00DF896A /* Resources */,
			);
			buildRules = (
			);
			dependencies = (
			);
			name = GuestThePokemon;
			packageProductDependencies = (
				82DBB3992AD6269E00D583F2 /* Kingfisher */,
			);
			productName = GuestThePokemon;
			productReference = 826BE1382AD4F20A00DF896A /* GuestThePokemon.app */;
			productType = "com.apple.product-type.application";
		};
/* End PBXNativeTarget section */

/* Begin PBXProject section */
		826BE1302AD4F20A00DF896A /* Project object */ = {
			isa = PBXProject;
			attributes = {
				BuildIndependentTargetsInParallel = 1;
				LastSwiftUpdateCheck = 1340;
				LastUpgradeCheck = 1340;
				TargetAttributes = {
					826BE1372AD4F20A00DF896A = {
						CreatedOnToolsVersion = 13.4.1;
					};
				};
			};
			buildConfigurationList = 826BE1332AD4F20A00DF896A /* Build configuration list for PBXProject "GuestThePokemon" */;
			compatibilityVersion = "Xcode 13.0";
			developmentRegion = en;
			hasScannedForEncodings = 0;
			knownRegions = (
				en,
				Base,
			);
			mainGroup = 826BE12F2AD4F20A00DF896A;
			packageReferences = (
				82DBB3982AD6269D00D583F2 /* XCRemoteSwiftPackageReference "Kingfisher" */,
			);
			productRefGroup = 826BE1392AD4F20A00DF896A /* Products */;
			projectDirPath = "";
			projectRoot = "";
			targets = (
				826BE1372AD4F20A00DF896A /* GuestThePokemon */,
			);
		};
/* End PBXProject section */

/* Begin PBXResourcesBuildPhase section */
		826BE1362AD4F20A00DF896A /* Resources */ = {
			isa = PBXResourcesBuildPhase;
			buildActionMask = 2147483647;
			files = (
				826BE1482AD4F21000DF896A /* LaunchScreen.storyboard in Resources */,
				826BE1452AD4F21000DF896A /* Assets.xcassets in Resources */,
				826BE1432AD4F20A00DF896A /* Main.storyboard in Resources */,
			);
			runOnlyForDeploymentPostprocessing = 0;
		};
/* End PBXResourcesBuildPhase section */

/* Begin PBXSourcesBuildPhase section */
		826BE1342AD4F20A00DF896A /* Sources */ = {
			isa = PBXSourcesBuildPhase;
			buildActionMask = 2147483647;
			files = (
				826BE1402AD4F20A00DF896A /* ViewController.swift in Sources */,
				82CE46672AD5AE12008E6771 /* PokemonListModel.swift in Sources */,
				826BE13C2AD4F20A00DF896A /* AppDelegate.swift in Sources */,
				82CE466B2AD5AE45008E6771 /* PokemonManager.swift in Sources */,
				82CE466D2AD5AE51008E6771 /* PokemonModel.swift in Sources */,
				82CE466F2AD5AE7F008E6771 /* GameModel.swift in Sources */,
				82CE46652AD5ADFF008E6771 /* PokemonListManager.swift in Sources */,
				826BE13E2AD4F20A00DF896A /* SceneDelegate.swift in Sources */,
				82CE46632AD5ADEE008E6771 /* PokemonListData.swift in Sources */,
				82CE46692AD5AE2E008E6771 /* PokemonData.swift in Sources */,
				82DBB39C2AD63EF800D583F2 /* ResultViewController.swift in Sources */,
			);
			runOnlyForDeploymentPostprocessing = 0;
		};
/* End PBXSourcesBuildPhase section */

/* Begin PBXVariantGroup section */
		826BE1412AD4F20A00DF896A /* Main.storyboard */ = {
			isa = PBXVariantGroup;
			children = (
				826BE1422AD4F20A00DF896A /* Base */,
			);
			name = Main.storyboard;
			sourceTree = "<group>";
		};
		826BE1462AD4F21000DF896A /* LaunchScreen.storyboard */ = {
			isa = PBXVariantGroup;
			children = (
				826BE1472AD4F21000DF896A /* Base */,
			);
			name = LaunchScreen.storyboard;
			sourceTree = "<group>";
		};
/* End PBXVariantGroup section */

/* Begin XCBuildConfiguration section */
		826BE14A2AD4F21000DF896A /* Debug */ = {
			isa = XCBuildConfiguration;
			buildSettings = {
				ALWAYS_SEARCH_USER_PATHS = NO;
				CLANG_ANALYZER_NONNULL = YES;
				CLANG_ANALYZER_NUMBER_OBJECT_CONVERSION = YES_AGGRESSIVE;
				CLANG_CXX_LANGUAGE_STANDARD = "gnu++17";
				CLANG_ENABLE_MODULES = YES;
				CLANG_ENABLE_OBJC_ARC = YES;
				CLANG_ENABLE_OBJC_WEAK = YES;
				CLANG_WARN_BLOCK_CAPTURE_AUTORELEASING = YES;
				CLANG_WARN_BOOL_CONVERSION = YES;
				CLANG_WARN_COMMA = YES;
				CLANG_WARN_CONSTANT_CONVERSION = YES;
				CLANG_WARN_DEPRECATED_OBJC_IMPLEMENTATIONS = YES;
				CLANG_WARN_DIRECT_OBJC_ISA_USAGE = YES_ERROR;
				CLANG_WARN_DOCUMENTATION_COMMENTS = YES;
				CLANG_WARN_EMPTY_BODY = YES;
				CLANG_WARN_ENUM_CONVERSION = YES;
				CLANG_WARN_INFINITE_RECURSION = YES;
				CLANG_WARN_INT_CONVERSION = YES;
				CLANG_WARN_NON_LITERAL_NULL_CONVERSION = YES;
				CLANG_WARN_OBJC_IMPLICIT_RETAIN_SELF = YES;
				CLANG_WARN_OBJC_LITERAL_CONVERSION = YES;
				CLANG_WARN_OBJC_ROOT_CLASS = YES_ERROR;
				CLANG_WARN_QUOTED_INCLUDE_IN_FRAMEWORK_HEADER = YES;
				CLANG_WARN_RANGE_LOOP_ANALYSIS = YES;
				CLANG_WARN_STRICT_PROTOTYPES = YES;
				CLANG_WARN_SUSPICIOUS_MOVE = YES;
				CLANG_WARN_UNGUARDED_AVAILABILITY = YES_AGGRESSIVE;
				CLANG_WARN_UNREACHABLE_CODE = YES;
				CLANG_WARN__DUPLICATE_METHOD_MATCH = YES;
				COPY_PHASE_STRIP = NO;
				DEBUG_INFORMATION_FORMAT = dwarf;
				ENABLE_STRICT_OBJC_MSGSEND = YES;
				ENABLE_TESTABILITY = YES;
				GCC_C_LANGUAGE_STANDARD = gnu11;
				GCC_DYNAMIC_NO_PIC = NO;
				GCC_NO_COMMON_BLOCKS = YES;
				GCC_OPTIMIZATION_LEVEL = 0;
				GCC_PREPROCESSOR_DEFINITIONS = (
					"DEBUG=1",
					"$(inherited)",
				);
				GCC_WARN_64_TO_32_BIT_CONVERSION = YES;
				GCC_WARN_ABOUT_RETURN_TYPE = YES_ERROR;
				GCC_WARN_UNDECLARED_SELECTOR = YES;
				GCC_WARN_UNINITIALIZED_AUTOS = YES_AGGRESSIVE;
				GCC_WARN_UNUSED_FUNCTION = YES;
				GCC_WARN_UNUSED_VARIABLE = YES;
				IPHONEOS_DEPLOYMENT_TARGET = 15.0;
				MTL_ENABLE_DEBUG_INFO = INCLUDE_SOURCE;
				MTL_FAST_MATH = YES;
				ONLY_ACTIVE_ARCH = YES;
				SDKROOT = iphoneos;
				SWIFT_ACTIVE_COMPILATION_CONDITIONS = DEBUG;
				SWIFT_OPTIMIZATION_LEVEL = "-Onone";
			};
			name = Debug;
		};
		826BE14B2AD4F21000DF896A /* Release */ = {
			isa = XCBuildConfiguration;
			buildSettings = {
				ALWAYS_SEARCH_USER_PATHS = NO;
				CLANG_ANALYZER_NONNULL = YES;
				CLANG_ANALYZER_NUMBER_OBJECT_CONVERSION = YES_AGGRESSIVE;
				CLANG_CXX_LANGUAGE_STANDARD = "gnu++17";
				CLANG_ENABLE_MODULES = YES;
				CLANG_ENABLE_OBJC_ARC = YES;
				CLANG_ENABLE_OBJC_WEAK = YES;
				CLANG_WARN_BLOCK_CAPTURE_AUTORELEASING = YES;
				CLANG_WARN_BOOL_CONVERSION = YES;
				CLANG_WARN_COMMA = YES;
				CLANG_WARN_CONSTANT_CONVERSION = YES;
				CLANG_WARN_DEPRECATED_OBJC_IMPLEMENTATIONS = YES;
				CLANG_WARN_DIRECT_OBJC_ISA_USAGE = YES_ERROR;
				CLANG_WARN_DOCUMENTATION_COMMENTS = YES;
				CLANG_WARN_EMPTY_BODY = YES;
				CLANG_WARN_ENUM_CONVERSION = YES;
				CLANG_WARN_INFINITE_RECURSION = YES;
				CLANG_WARN_INT_CONVERSION = YES;
				CLANG_WARN_NON_LITERAL_NULL_CONVERSION = YES;
				CLANG_WARN_OBJC_IMPLICIT_RETAIN_SELF = YES;
				CLANG_WARN_OBJC_LITERAL_CONVERSION = YES;
				CLANG_WARN_OBJC_ROOT_CLASS = YES_ERROR;
				CLANG_WARN_QUOTED_INCLUDE_IN_FRAMEWORK_HEADER = YES;
				CLANG_WARN_RANGE_LOOP_ANALYSIS = YES;
				CLANG_WARN_STRICT_PROTOTYPES = YES;
				CLANG_WARN_SUSPICIOUS_MOVE = YES;
				CLANG_WARN_UNGUARDED_AVAILABILITY = YES_AGGRESSIVE;
				CLANG_WARN_UNREACHABLE_CODE = YES;
				CLANG_WARN__DUPLICATE_METHOD_MATCH = YES;
				COPY_PHASE_STRIP = NO;
				DEBUG_INFORMATION_FORMAT = "dwarf-with-dsym";
				ENABLE_NS_ASSERTIONS = NO;
				ENABLE_STRICT_OBJC_MSGSEND = YES;
				GCC_C_LANGUAGE_STANDARD = gnu11;
				GCC_NO_COMMON_BLOCKS = YES;
				GCC_WARN_64_TO_32_BIT_CONVERSION = YES;
				GCC_WARN_ABOUT_RETURN_TYPE = YES_ERROR;
				GCC_WARN_UNDECLARED_SELECTOR = YES;
				GCC_WARN_UNINITIALIZED_AUTOS = YES_AGGRESSIVE;
				GCC_WARN_UNUSED_FUNCTION = YES;
				GCC_WARN_UNUSED_VARIABLE = YES;
				IPHONEOS_DEPLOYMENT_TARGET = 15.0;
				MTL_ENABLE_DEBUG_INFO = NO;
				MTL_FAST_MATH = YES;
				SDKROOT = iphoneos;
				SWIFT_COMPILATION_MODE = wholemodule;
				SWIFT_OPTIMIZATION_LEVEL = "-O";
				VALIDATE_PRODUCT = YES;
			};
			name = Release;
		};
		826BE14D2AD4F21000DF896A /* Debug */ = {
			isa = XCBuildConfiguration;
			buildSettings = {
				ASSETCATALOG_COMPILER_APPICON_NAME = AppIcon;
				ASSETCATALOG_COMPILER_GLOBAL_ACCENT_COLOR_NAME = AccentColor;
				CODE_SIGN_STYLE = Automatic;
				CURRENT_PROJECT_VERSION = 1;
				DEVELOPMENT_TEAM = ZQ6T88LCH8;
				GENERATE_INFOPLIST_FILE = YES;
				INFOPLIST_FILE = GuestThePokemon/Info.plist;
				INFOPLIST_KEY_CFBundleDisplayName = GuessThePokemon;
				INFOPLIST_KEY_UIApplicationSupportsIndirectInputEvents = YES;
				INFOPLIST_KEY_UILaunchStoryboardName = LaunchScreen;
				INFOPLIST_KEY_UIMainStoryboardFile = Main;
				INFOPLIST_KEY_UISupportedInterfaceOrientations_iPad = "UIInterfaceOrientationPortrait UIInterfaceOrientationPortraitUpsideDown UIInterfaceOrientationLandscapeLeft UIInterfaceOrientationLandscapeRight";
				INFOPLIST_KEY_UISupportedInterfaceOrientations_iPhone = "UIInterfaceOrientationPortrait UIInterfaceOrientationLandscapeLeft UIInterfaceOrientationLandscapeRight";
				LD_RUNPATH_SEARCH_PATHS = (
					"$(inherited)",
					"@executable_path/Frameworks",
				);
				MARKETING_VERSION = 1.0;
				PRODUCT_BUNDLE_IDENTIFIER = joseDev.GuestThePokemon;
				PRODUCT_NAME = "$(TARGET_NAME)";
				SWIFT_EMIT_LOC_STRINGS = YES;
				SWIFT_VERSION = 5.0;
				TARGETED_DEVICE_FAMILY = "1,2";
			};
			name = Debug;
		};
		826BE14E2AD4F21000DF896A /* Release */ = {
			isa = XCBuildConfiguration;
			buildSettings = {
				ASSETCATALOG_COMPILER_APPICON_NAME = AppIcon;
				ASSETCATALOG_COMPILER_GLOBAL_ACCENT_COLOR_NAME = AccentColor;
				CODE_SIGN_STYLE = Automatic;
				CURRENT_PROJECT_VERSION = 1;
				DEVELOPMENT_TEAM = ZQ6T88LCH8;
				GENERATE_INFOPLIST_FILE = YES;
				INFOPLIST_FILE = GuestThePokemon/Info.plist;
				INFOPLIST_KEY_CFBundleDisplayName = GuessThePokemon;
				INFOPLIST_KEY_UIApplicationSupportsIndirectInputEvents = YES;
				INFOPLIST_KEY_UILaunchStoryboardName = LaunchScreen;
				INFOPLIST_KEY_UIMainStoryboardFile = Main;
				INFOPLIST_KEY_UISupportedInterfaceOrientations_iPad = "UIInterfaceOrientationPortrait UIInterfaceOrientationPortraitUpsideDown UIInterfaceOrientationLandscapeLeft UIInterfaceOrientationLandscapeRight";
				INFOPLIST_KEY_UISupportedInterfaceOrientations_iPhone = "UIInterfaceOrientationPortrait UIInterfaceOrientationLandscapeLeft UIInterfaceOrientationLandscapeRight";
				LD_RUNPATH_SEARCH_PATHS = (
					"$(inherited)",
					"@executable_path/Frameworks",
				);
				MARKETING_VERSION = 1.0;
				PRODUCT_BUNDLE_IDENTIFIER = joseDev.GuestThePokemon;
				PRODUCT_NAME = "$(TARGET_NAME)";
				SWIFT_EMIT_LOC_STRINGS = YES;
				SWIFT_VERSION = 5.0;
				TARGETED_DEVICE_FAMILY = "1,2";
			};
			name = Release;
		};
/* End XCBuildConfiguration section */

/* Begin XCConfigurationList section */
		826BE1332AD4F20A00DF896A /* Build configuration list for PBXProject "GuestThePokemon" */ = {
			isa = XCConfigurationList;
			buildConfigurations = (
				826BE14A2AD4F21000DF896A /* Debug */,
				826BE14B2AD4F21000DF896A /* Release */,
			);
			defaultConfigurationIsVisible = 0;
			defaultConfigurationName = Release;
		};
		826BE14C2AD4F21000DF896A /* Build configuration list for PBXNativeTarget "GuestThePokemon" */ = {
			isa = XCConfigurationList;
			buildConfigurations = (
				826BE14D2AD4F21000DF896A /* Debug */,
				826BE14E2AD4F21000DF896A /* Release */,
			);
			defaultConfigurationIsVisible = 0;
			defaultConfigurationName = Release;
		};
/* End XCConfigurationList section */

/* Begin XCRemoteSwiftPackageReference section */
		82DBB3982AD6269D00D583F2 /* XCRemoteSwiftPackageReference "Kingfisher" */ = {
			isa = XCRemoteSwiftPackageReference;
			repositoryURL = "https://github.com/onevcat/Kingfisher.git";
			requirement = {
				branch = master;
				kind = branch;
			};
		};
/* End XCRemoteSwiftPackageReference section */

/* Begin XCSwiftPackageProductDependency section */
		82DBB3992AD6269E00D583F2 /* Kingfisher */ = {
			isa = XCSwiftPackageProductDependency;
			package = 82DBB3982AD6269D00D583F2 /* XCRemoteSwiftPackageReference "Kingfisher" */;
			productName = Kingfisher;
		};
/* End XCSwiftPackageProductDependency section */
	};
	rootObject = 826BE1302AD4F20A00DF896A /* Project object */;
}
